
Microsoft Visual Studio Solution File, Format Version 12.00
# Visual Studio 14
VisualStudioVersion = 14.0.25420.1
MinimumVisualStudioVersion = 10.0.40219.1
Project("{8BC9CEB8-8B4A-11D0-8D11-00A0C91BC942}") = "Lesson01", "Lesson01\Lesson01.vcxproj", "{9A59B90D-B4D0-43F9-B1EE-BFB4B76C05A4}"
EndProject
Project("{8BC9CEB8-8B4A-11D0-8D11-00A0C91BC942}") = "Lesson02", "Lesson02\Lesson02.vcxproj", "{DC000977-23E2-4E9E-9E55-1FBE681E9FEF}"
EndProject
Project("{8BC9CEB8-8B4A-11D0-8D11-00A0C91BC942}") = "Lesson03", "Lesson03\Lesson03.vcxproj", "{8BC177B3-65CE-40A4-B587-2B0F313A424B}"
EndProject
Project("{8BC9CEB8-8B4A-11D0-8D11-00A0C91BC942}") = "Lesson04", "Lesson04\Lesson04.vcxproj", "{FFE14B5B-1A08-4A18-9415-B6295523485E}"
EndProject
Project("{8BC9CEB8-8B4A-11D0-8D11-00A0C91BC942}") = "Lesson05", "Lesson05\Lesson05.vcxproj", "{FA78C17D-B6FF-4D70-BEC0-1A5E2A959B30}"
EndProject
Project("{8BC9CEB8-8B4A-11D0-8D11-00A0C91BC942}") = "Lesson06", "Lesson06\Lesson06.vcxproj", "{85BFCF5B-DA4B-46DC-9FD5-4107E77B03E1}"
EndProject
Project("{8BC9CEB8-8B4A-11D0-8D11-00A0C91BC942}") = "Lesson07", "Lesson07\Lesson07.vcxproj", "{81733F7D-3A5C-4A95-95DE-EDF44CDC0D01}"
EndProject
Project("{8BC9CEB8-8B4A-11D0-8D11-00A0C91BC942}") = "Lesson08", "Lesson08\Lesson08.vcxproj", "{B3A056C9-027D-450B-BA00-35F018DEC4B7}"
EndProject
Global
	GlobalSection(SolutionConfigurationPlatforms) = preSolution
		Debug|x64 = Debug|x64
		Debug|x86 = Debug|x86
		Release|x64 = Release|x64
		Release|x86 = Release|x86
	EndGlobalSection
	GlobalSection(ProjectConfigurationPlatforms) = postSolution
		{9A59B90D-B4D0-43F9-B1EE-BFB4B76C05A4}.Debug|x64.ActiveCfg = Debug|x64
		{9A59B90D-B4D0-43F9-B1EE-BFB4B76C05A4}.Debug|x64.Build.0 = Debug|x64
		{9A59B90D-B4D0-43F9-B1EE-BFB4B76C05A4}.Debug|x86.ActiveCfg = Debug|Win32
		{9A59B90D-B4D0-43F9-B1EE-BFB4B76C05A4}.Debug|x86.Build.0 = Debug|Win32
		{9A59B90D-B4D0-43F9-B1EE-BFB4B76C05A4}.Release|x64.ActiveCfg = Release|x64
		{9A59B90D-B4D0-43F9-B1EE-BFB4B76C05A4}.Release|x64.Build.0 = Release|x64
		{9A59B90D-B4D0-43F9-B1EE-BFB4B76C05A4}.Release|x86.ActiveCfg = Release|Win32
		{9A59B90D-B4D0-43F9-B1EE-BFB4B76C05A4}.Release|x86.Build.0 = Release|Win32
		{DC000977-23E2-4E9E-9E55-1FBE681E9FEF}.Debug|x64.ActiveCfg = Debug|x64
		{DC000977-23E2-4E9E-9E55-1FBE681E9FEF}.Debug|x64.Build.0 = Debug|x64
		{DC000977-23E2-4E9E-9E55-1FBE681E9FEF}.Debug|x86.ActiveCfg = Debug|Win32
		{DC000977-23E2-4E9E-9E55-1FBE681E9FEF}.Debug|x86.Build.0 = Debug|Win32
		{DC000977-23E2-4E9E-9E55-1FBE681E9FEF}.Release|x64.ActiveCfg = Release|x64
		{DC000977-23E2-4E9E-9E55-1FBE681E9FEF}.Release|x64.Build.0 = Release|x64
		{DC000977-23E2-4E9E-9E55-1FBE681E9FEF}.Release|x86.ActiveCfg = Release|Win32
		{DC000977-23E2-4E9E-9E55-1FBE681E9FEF}.Release|x86.Build.0 = Release|Win32
		{8BC177B3-65CE-40A4-B587-2B0F313A424B}.Debug|x64.ActiveCfg = Debug|x64
		{8BC177B3-65CE-40A4-B587-2B0F313A424B}.Debug|x64.Build.0 = Debug|x64
		{8BC177B3-65CE-40A4-B587-2B0F313A424B}.Debug|x86.ActiveCfg = Debug|Win32
		{8BC177B3-65CE-40A4-B587-2B0F313A424B}.Debug|x86.Build.0 = Debug|Win32
		{8BC177B3-65CE-40A4-B587-2B0F313A424B}.Release|x64.ActiveCfg = Release|x64
		{8BC177B3-65CE-40A4-B587-2B0F313A424B}.Release|x64.Build.0 = Release|x64
		{8BC177B3-65CE-40A4-B587-2B0F313A424B}.Release|x86.ActiveCfg = Release|Win32
		{8BC177B3-65CE-40A4-B587-2B0F313A424B}.Release|x86.Build.0 = Release|Win32
		{FFE14B5B-1A08-4A18-9415-B6295523485E}.Debug|x64.ActiveCfg = Debug|x64
		{FFE14B5B-1A08-4A18-9415-B6295523485E}.Debug|x64.Build.0 = Debug|x64
		{FFE14B5B-1A08-4A18-9415-B6295523485E}.Debug|x86.ActiveCfg = Debug|Win32
		{FFE14B5B-1A08-4A18-9415-B6295523485E}.Debug|x86.Build.0 = Debug|Win32
		{FFE14B5B-1A08-4A18-9415-B6295523485E}.Release|x64.ActiveCfg = Release|x64
		{FFE14B5B-1A08-4A18-9415-B6295523485E}.Release|x64.Build.0 = Release|x64
		{FFE14B5B-1A08-4A18-9415-B6295523485E}.Release|x86.ActiveCfg = Release|Win32
		{FFE14B5B-1A08-4A18-9415-B6295523485E}.Release|x86.Build.0 = Release|Win32
		{FA78C17D-B6FF-4D70-BEC0-1A5E2A959B30}.Debug|x64.ActiveCfg = Debug|x64
		{FA78C17D-B6FF-4D70-BEC0-1A5E2A959B30}.Debug|x64.Build.0 = Debug|x64
		{FA78C17D-B6FF-4D70-BEC0-1A5E2A959B30}.Debug|x86.ActiveCfg = Debug|Win32
		{FA78C17D-B6FF-4D70-BEC0-1A5E2A959B30}.Debug|x86.Build.0 = Debug|Win32
		{FA78C17D-B6FF-4D70-BEC0-1A5E2A959B30}.Release|x64.ActiveCfg = Release|x64
		{FA78C17D-B6FF-4D70-BEC0-1A5E2A959B30}.Release|x64.Build.0 = Release|x64
		{FA78C17D-B6FF-4D70-BEC0-1A5E2A959B30}.Release|x86.ActiveCfg = Release|Win32
		{FA78C17D-B6FF-4D70-BEC0-1A5E2A959B30}.Release|x86.Build.0 = Release|Win32
		{85BFCF5B-DA4B-46DC-9FD5-4107E77B03E1}.Debug|x64.ActiveCfg = Debug|x64
		{85BFCF5B-DA4B-46DC-9FD5-4107E77B03E1}.Debug|x64.Build.0 = Debug|x64
		{85BFCF5B-DA4B-46DC-9FD5-4107E77B03E1}.Debug|x86.ActiveCfg = Debug|Win32
		{85BFCF5B-DA4B-46DC-9FD5-4107E77B03E1}.Debug|x86.Build.0 = Debug|Win32
		{85BFCF5B-DA4B-46DC-9FD5-4107E77B03E1}.Release|x64.ActiveCfg = Release|x64
		{85BFCF5B-DA4B-46DC-9FD5-4107E77B03E1}.Release|x64.Build.0 = Release|x64
		{85BFCF5B-DA4B-46DC-9FD5-4107E77B03E1}.Release|x86.ActiveCfg = Release|Win32
		{85BFCF5B-DA4B-46DC-9FD5-4107E77B03E1}.Release|x86.Build.0 = Release|Win32
		{81733F7D-3A5C-4A95-95DE-EDF44CDC0D01}.Debug|x64.ActiveCfg = Debug|x64
		{81733F7D-3A5C-4A95-95DE-EDF44CDC0D01}.Debug|x64.Build.0 = Debug|x64
		{81733F7D-3A5C-4A95-95DE-EDF44CDC0D01}.Debug|x86.ActiveCfg = Debug|Win32
		{81733F7D-3A5C-4A95-95DE-EDF44CDC0D01}.Debug|x86.Build.0 = Debug|Win32
		{81733F7D-3A5C-4A95-95DE-EDF44CDC0D01}.Release|x64.ActiveCfg = Release|x64
		{81733F7D-3A5C-4A95-95DE-EDF44CDC0D01}.Release|x64.Build.0 = Release|x64
		{81733F7D-3A5C-4A95-95DE-EDF44CDC0D01}.Release|x86.ActiveCfg = Release|Win32
		{81733F7D-3A5C-4A95-95DE-EDF44CDC0D01}.Release|x86.Build.0 = Release|Win32
		{B3A056C9-027D-450B-BA00-35F018DEC4B7}.Debug|x64.ActiveCfg = Debug|x64
		{B3A056C9-027D-450B-BA00-35F018DEC4B7}.Debug|x64.Build.0 = Debug|x64
		{B3A056C9-027D-450B-BA00-35F018DEC4B7}.Debug|x86.ActiveCfg = Debug|Win32
		{B3A056C9-027D-450B-BA00-35F018DEC4B7}.Debug|x86.Build.0 = Debug|Win32
		{B3A056C9-027D-450B-BA00-35F018DEC4B7}.Release|x64.ActiveCfg = Release|x64
		{B3A056C9-027D-450B-BA00-35F018DEC4B7}.Release|x64.Build.0 = Release|x64
		{B3A056C9-027D-450B-BA00-35F018DEC4B7}.Release|x86.ActiveCfg = Release|Win32
		{B3A056C9-027D-450B-BA00-35F018DEC4B7}.Release|x86.Build.0 = Release|Win32
	EndGlobalSection
	GlobalSection(SolutionProperties) = preSolution
		HideSolutionNode = FALSE
	EndGlobalSection
EndGlobal
